
Microsoft Visual Studio Solution File, Format Version 12.00
# Visual Studio 2013
VisualStudioVersion = 12.0.30501.0
MinimumVisualStudioVersion = 10.0.40219.1
Project("{FAE04EC0-301F-11D3-BF4B-00C04F79EFBC}") = "slideQ", "slideQ\slideQ.csproj", "{585F543F-A60B-4F2F-85B7-90210858235D}"
EndProject
Project("{FAE04EC0-301F-11D3-BF4B-00C04F79EFBC}") = "SlideQTests", "SlideQTests\SlideQTests.csproj", "{98D45756-8C88-417D-9527-01E2D4137CE5}"
	ProjectSection(ProjectDependencies) = postProject
		{585F543F-A60B-4F2F-85B7-90210858235D} = {585F543F-A60B-4F2F-85B7-90210858235D}
	EndProjectSection
EndProject
Project("{2150E333-8FDC-42A3-9474-1A3956D46DE8}") = ".nuget", ".nuget", "{849DD486-D2C2-4270-A27C-8CF0B1A4CB45}"
	ProjectSection(SolutionItems) = preProject
		.nuget\packages.config = .nuget\packages.config
	EndProjectSection
EndProject
Global
	GlobalSection(SolutionConfigurationPlatforms) = preSolution
		Debug|Any CPU = Debug|Any CPU
		Release|Any CPU = Release|Any CPU
	EndGlobalSection
	GlobalSection(ProjectConfigurationPlatforms) = postSolution
		{585F543F-A60B-4F2F-85B7-90210858235D}.Debug|Any CPU.ActiveCfg = Debug|Any CPU
		{585F543F-A60B-4F2F-85B7-90210858235D}.Debug|Any CPU.Build.0 = Debug|Any CPU
		{585F543F-A60B-4F2F-85B7-90210858235D}.Release|Any CPU.ActiveCfg = Release|Any CPU
		{585F543F-A60B-4F2F-85B7-90210858235D}.Release|Any CPU.Build.0 = Release|Any CPU
		{98D45756-8C88-417D-9527-01E2D4137CE5}.Debug|Any CPU.ActiveCfg = Debug|Any CPU
		{98D45756-8C88-417D-9527-01E2D4137CE5}.Debug|Any CPU.Build.0 = Debug|Any CPU
		{98D45756-8C88-417D-9527-01E2D4137CE5}.Release|Any CPU.ActiveCfg = Release|Any CPU
		{98D45756-8C88-417D-9527-01E2D4137CE5}.Release|Any CPU.Build.0 = Release|Any CPU
	EndGlobalSection
	GlobalSection(SolutionProperties) = preSolution
		HideSolutionNode = FALSE
	EndGlobalSection
EndGlobal
